{
  "name": "xiaomi-asset-replace-helper",
  "version": "0.1.0",
  "lockfileVersion": 3,
  "requires": true,
  "packages": {
    "": {
      "name": "xiaomi-asset-replace-helper",
      "version": "0.1.0",
      "devDependencies": {
        "@mastergo/plugin-typings": "^2.18.4"
      }
    },
    "node_modules/@mastergo/plugin-typings": {
      "version": "2.18.4",
      "resolved": "https://registry.npmjs.org/@mastergo/plugin-typings/-/plugin-typings-2.18.4.tgz",
      "integrity": "sha512-joi+XzZ99H0apJ665PDPmMbzQWzdXjELh441AsNW3ZX4vi0vliRVsekcPNeMPgVqwHhys8//vi8FY9frEa8xsQ==",
      "dev": true,
      "license": "MIT"
    }
  }
}
